
Microsoft Visual Studio Solution File, Format Version 12.00
# Visual Studio 15
VisualStudioVersion = 15.0.28307.271
MinimumVisualStudioVersion = 10.0.40219.1
Project("{FAE04EC0-301F-11D3-BF4B-00C04F79EFBC}") = "ARandomString", "ARandomString\ARandomString.csproj", "{D8767F3C-6F33-484D-809C-82425B6E7B6B}"
EndProject
Global
	GlobalSection(SolutionConfigurationPlatforms) = preSolution
		Debug|Any CPU = Debug|Any CPU
		Release|Any CPU = Release|Any CPU
	EndGlobalSection
	GlobalSection(ProjectConfigurationPlatforms) = postSolution
		{D8767F3C-6F33-484D-809C-82425B6E7B6B}.Debug|Any CPU.ActiveCfg = Debug|Any CPU
		{D8767F3C-6F33-484D-809C-82425B6E7B6B}.Debug|Any CPU.Build.0 = Debug|Any CPU
		{D8767F3C-6F33-484D-809C-82425B6E7B6B}.Release|Any CPU.ActiveCfg = Release|Any CPU
		{D8767F3C-6F33-484D-809C-82425B6E7B6B}.Release|Any CPU.Build.0 = Release|Any CPU
	EndGlobalSection
	GlobalSection(SolutionProperties) = preSolution
		HideSolutionNode = FALSE
	EndGlobalSection
	GlobalSection(ExtensibilityGlobals) = postSolution
		SolutionGuid = {883226E4-1041-487C-9AA9-688E6E413381}
	EndGlobalSection
EndGlobal
